// !$*UTF8*$!
{
	archiveVersion = 1;
	classes = {
	};
	objectVersion = 50;
	objects = {

/* Begin PBXBuildFile section */
		931DE34524818CCA0051133B /* DetailView.swift in Sources */ = {isa = PBXBuildFile; fileRef = 931DE34424818CCA0051133B /* DetailView.swift */; };
		93CFE67F24819D7000E75243 /* WebView.swift in Sources */ = {isa = PBXBuildFile; fileRef = 93CFE67E24819D7000E75243 /* WebView.swift */; };
		93F0704324813DB600965FD6 /* AppDelegate.swift in Sources */ = {isa = PBXBuildFile; fileRef = 93F0704224813DB600965FD6 /* AppDelegate.swift */; };
		93F0704524813DB600965FD6 /* SceneDelegate.swift in Sources */ = {isa = PBXBuildFile; fileRef = 93F0704424813DB600965FD6 /* SceneDelegate.swift */; };
		93F0704724813DB600965FD6 /* ContentView.swift in Sources */ = {isa = PBXBuildFile; fileRef = 93F0704624813DB600965FD6 /* ContentView.swift */; };
		93F0704924813DB800965FD6 /* Assets.xcassets in Resources */ = {isa = PBXBuildFile; fileRef = 93F0704824813DB800965FD6 /* Assets.xcassets */; };
		93F0704C24813DB800965FD6 /* Preview Assets.xcassets in Resources */ = {isa = PBXBuildFile; fileRef = 93F0704B24813DB800965FD6 /* Preview Assets.xcassets */; };
		93F0704F24813DB800965FD6 /* LaunchScreen.storyboard in Resources */ = {isa = PBXBuildFile; fileRef = 93F0704D24813DB800965FD6 /* LaunchScreen.storyboard */; };
		93F0705724813EA600965FD6 /* Constants.swift in Sources */ = {isa = PBXBuildFile; fileRef = 93F0705624813EA600965FD6 /* Constants.swift */; };
		93F0705A2481412900965FD6 /* NetworkManager.swift in Sources */ = {isa = PBXBuildFile; fileRef = 93F070592481412900965FD6 /* NetworkManager.swift */; };
		93F0705C2481442E00965FD6 /* PostData.swift in Sources */ = {isa = PBXBuildFile; fileRef = 93F0705B2481442E00965FD6 /* PostData.swift */; };
/* End PBXBuildFile section */

/* Begin PBXFileReference section */
		931DE34424818CCA0051133B /* DetailView.swift */ = {isa = PBXFileReference; lastKnownFileType = sourcecode.swift; path = DetailView.swift; sourceTree = "<group>"; };
		93CFE67E24819D7000E75243 /* WebView.swift */ = {isa = PBXFileReference; lastKnownFileType = sourcecode.swift; path = WebView.swift; sourceTree = "<group>"; };
		93CFE68024827E9E00E75243 /* Hackerman News.entitlements */ = {isa = PBXFileReference; lastKnownFileType = text.plist.entitlements; path = "Hackerman News.entitlements"; sourceTree = "<group>"; };
		93F0703F24813DB600965FD6 /* Hackerman News.app */ = {isa = PBXFileReference; explicitFileType = wrapper.application; includeInIndex = 0; path = "Hackerman News.app"; sourceTree = BUILT_PRODUCTS_DIR; };
		93F0704224813DB600965FD6 /* AppDelegate.swift */ = {isa = PBXFileReference; lastKnownFileType = sourcecode.swift; path = AppDelegate.swift; sourceTree = "<group>"; };
		93F0704424813DB600965FD6 /* SceneDelegate.swift */ = {isa = PBXFileReference; lastKnownFileType = sourcecode.swift; path = SceneDelegate.swift; sourceTree = "<group>"; };
		93F0704624813DB600965FD6 /* ContentView.swift */ = {isa = PBXFileReference; lastKnownFileType = sourcecode.swift; path = ContentView.swift; sourceTree = "<group>"; };
		93F0704824813DB800965FD6 /* Assets.xcassets */ = {isa = PBXFileReference; lastKnownFileType = folder.assetcatalog; path = Assets.xcassets; sourceTree = "<group>"; };
		93F0704B24813DB800965FD6 /* Preview Assets.xcassets */ = {isa = PBXFileReference; lastKnownFileType = folder.assetcatalog; path = "Preview Assets.xcassets"; sourceTree = "<group>"; };
		93F0704E24813DB800965FD6 /* Base */ = {isa = PBXFileReference; lastKnownFileType = file.storyboard; name = Base; path = Base.lproj/LaunchScreen.storyboard; sourceTree = "<group>"; };
		93F0705024813DB800965FD6 /* Info.plist */ = {isa = PBXFileReference; lastKnownFileType = text.plist.xml; path = Info.plist; sourceTree = "<group>"; };
		93F0705624813EA600965FD6 /* Constants.swift */ = {isa = PBXFileReference; lastKnownFileType = sourcecode.swift; path = Constants.swift; sourceTree = "<group>"; };
		93F070592481412900965FD6 /* NetworkManager.swift */ = {isa = PBXFileReference; lastKnownFileType = sourcecode.swift; path = NetworkManager.swift; sourceTree = "<group>"; };
		93F0705B2481442E00965FD6 /* PostData.swift */ = {isa = PBXFileReference; lastKnownFileType = sourcecode.swift; path = PostData.swift; sourceTree = "<group>"; };
/* End PBXFileReference section */

/* Begin PBXFrameworksBuildPhase section */
		93F0703C24813DB600965FD6 /* Frameworks */ = {
			isa = PBXFrameworksBuildPhase;
			buildActionMask = 2147483647;
			files = (
			);
			runOnlyForDeploymentPostprocessing = 0;
		};
/* End PBXFrameworksBuildPhase section */

/* Begin PBXGroup section */
		931DE34324818CA30051133B /* Views */ = {
			isa = PBXGroup;
			children = (
				93F0704624813DB600965FD6 /* ContentView.swift */,
				931DE34424818CCA0051133B /* DetailView.swift */,
				93CFE67E24819D7000E75243 /* WebView.swift */,
			);
			path = Views;
			sourceTree = "<group>";
		};
		93F0703624813DB600965FD6 = {
			isa = PBXGroup;
			children = (
				93F0704124813DB600965FD6 /* Hackerman News */,
				93F0704024813DB600965FD6 /* Products */,
			);
			sourceTree = "<group>";
		};
		93F0704024813DB600965FD6 /* Products */ = {
			isa = PBXGroup;
			children = (
				93F0703F24813DB600965FD6 /* Hackerman News.app */,
			);
			name = Products;
			sourceTree = "<group>";
		};
		93F0704124813DB600965FD6 /* Hackerman News */ = {
			isa = PBXGroup;
			children = (
				93CFE68024827E9E00E75243 /* Hackerman News.entitlements */,
				93F0704224813DB600965FD6 /* AppDelegate.swift */,
				93F0704424813DB600965FD6 /* SceneDelegate.swift */,
				931DE34324818CA30051133B /* Views */,
				93F070582481411A00965FD6 /* Models */,
				93F0704824813DB800965FD6 /* Assets.xcassets */,
				93F0704D24813DB800965FD6 /* LaunchScreen.storyboard */,
				93F0705624813EA600965FD6 /* Constants.swift */,
				93F0705024813DB800965FD6 /* Info.plist */,
				93F0704A24813DB800965FD6 /* Preview Content */,
			);
			path = "Hackerman News";
			sourceTree = "<group>";
		};
		93F0704A24813DB800965FD6 /* Preview Content */ = {
			isa = PBXGroup;
			children = (
				93F0704B24813DB800965FD6 /* Preview Assets.xcassets */,
			);
			path = "Preview Content";
			sourceTree = "<group>";
		};
		93F070582481411A00965FD6 /* Models */ = {
			isa = PBXGroup;
			children = (
				93F070592481412900965FD6 /* NetworkManager.swift */,
				93F0705B2481442E00965FD6 /* PostData.swift */,
			);
			path = Models;
			sourceTree = "<group>";
		};
/* End PBXGroup section */

/* Begin PBXNativeTarget section */
		93F0703E24813DB600965FD6 /* Hackerman News */ = {
			isa = PBXNativeTarget;
			buildConfigurationList = 93F0705324813DB800965FD6 /* Build configuration list for PBXNativeTarget "Hackerman News" */;
			buildPhases = (
				93F0703B24813DB600965FD6 /* Sources */,
				93F0703C24813DB600965FD6 /* Frameworks */,
				93F0703D24813DB600965FD6 /* Resources */,
			);
			buildRules = (
			);
			dependencies = (
			);
			name = "Hackerman News";
			productName = "Hackerman News";
			productReference = 93F0703F24813DB600965FD6 /* Hackerman News.app */;
			productType = "com.apple.product-type.application";
		};
/* End PBXNativeTarget section */

/* Begin PBXProject section */
		93F0703724813DB600965FD6 /* Project object */ = {
			isa = PBXProject;
			attributes = {
				LastSwiftUpdateCheck = 1150;
				LastUpgradeCheck = 1150;
				ORGANIZATIONNAME = "Rares Popa";
				TargetAttributes = {
					93F0703E24813DB600965FD6 = {
						CreatedOnToolsVersion = 11.5;
					};
				};
			};
			buildConfigurationList = 93F0703A24813DB600965FD6 /* Build configuration list for PBXProject "Hackerman News" */;
			compatibilityVersion = "Xcode 9.3";
			developmentRegion = en;
			hasScannedForEncodings = 0;
			knownRegions = (
				en,
				Base,
			);
			mainGroup = 93F0703624813DB600965FD6;
			productRefGroup = 93F0704024813DB600965FD6 /* Products */;
			projectDirPath = "";
			projectRoot = "";
			targets = (
				93F0703E24813DB600965FD6 /* Hackerman News */,
			);
		};
/* End PBXProject section */

/* Begin PBXResourcesBuildPhase section */
		93F0703D24813DB600965FD6 /* Resources */ = {
			isa = PBXResourcesBuildPhase;
			buildActionMask = 2147483647;
			files = (
				93F0704F24813DB800965FD6 /* LaunchScreen.storyboard in Resources */,
				93F0704C24813DB800965FD6 /* Preview Assets.xcassets in Resources */,
				93F0704924813DB800965FD6 /* Assets.xcassets in Resources */,
			);
			runOnlyForDeploymentPostprocessing = 0;
		};
/* End PBXResourcesBuildPhase section */

/* Begin PBXSourcesBuildPhase section */
		93F0703B24813DB600965FD6 /* Sources */ = {
			isa = PBXSourcesBuildPhase;
			buildActionMask = 2147483647;
			files = (
				93F0704324813DB600965FD6 /* AppDelegate.swift in Sources */,
				93CFE67F24819D7000E75243 /* WebView.swift in Sources */,
				93F0705C2481442E00965FD6 /* PostData.swift in Sources */,
				93F0704524813DB600965FD6 /* SceneDelegate.swift in Sources */,
				931DE34524818CCA0051133B /* DetailView.swift in Sources */,
				93F0705A2481412900965FD6 /* NetworkManager.swift in Sources */,
				93F0704724813DB600965FD6 /* ContentView.swift in Sources */,
				93F0705724813EA600965FD6 /* Constants.swift in Sources */,
			);
			runOnlyForDeploymentPostprocessing = 0;
		};
/* End PBXSourcesBuildPhase section */

/* Begin PBXVariantGroup section */
		93F0704D24813DB800965FD6 /* LaunchScreen.storyboard */ = {
			isa = PBXVariantGroup;
			children = (
				93F0704E24813DB800965FD6 /* Base */,
			);
			name = LaunchScreen.storyboard;
			sourceTree = "<group>";
		};
/* End PBXVariantGroup section */

/* Begin XCBuildConfiguration section */
		93F0705124813DB800965FD6 /* Debug */ = {
			isa = XCBuildConfiguration;
			buildSettings = {
				ALWAYS_SEARCH_USER_PATHS = NO;
				CLANG_ANALYZER_NONNULL = YES;
				CLANG_ANALYZER_NUMBER_OBJECT_CONVERSION = YES_AGGRESSIVE;
				CLANG_CXX_LANGUAGE_STANDARD = "gnu++14";
				CLANG_CXX_LIBRARY = "libc++";
				CLANG_ENABLE_MODULES = YES;
				CLANG_ENABLE_OBJC_ARC = YES;
				CLANG_ENABLE_OBJC_WEAK = YES;
				CLANG_WARN_BLOCK_CAPTURE_AUTORELEASING = YES;
				CLANG_WARN_BOOL_CONVERSION = YES;
				CLANG_WARN_COMMA = YES;
				CLANG_WARN_CONSTANT_CONVERSION = YES;
				CLANG_WARN_DEPRECATED_OBJC_IMPLEMENTATIONS = YES;
				CLANG_WARN_DIRECT_OBJC_ISA_USAGE = YES_ERROR;
				CLANG_WARN_DOCUMENTATION_COMMENTS = YES;
				CLANG_WARN_EMPTY_BODY = YES;
				CLANG_WARN_ENUM_CONVERSION = YES;
				CLANG_WARN_INFINITE_RECURSION = YES;
				CLANG_WARN_INT_CONVERSION = YES;
				CLANG_WARN_NON_LITERAL_NULL_CONVERSION = YES;
				CLANG_WARN_OBJC_IMPLICIT_RETAIN_SELF = YES;
				CLANG_WARN_OBJC_LITERAL_CONVERSION = YES;
				CLANG_WARN_OBJC_ROOT_CLASS = YES_ERROR;
				CLANG_WARN_RANGE_LOOP_ANALYSIS = YES;
				CLANG_WARN_STRICT_PROTOTYPES = YES;
				CLANG_WARN_SUSPICIOUS_MOVE = YES;
				CLANG_WARN_UNGUARDED_AVAILABILITY = YES_AGGRESSIVE;
				CLANG_WARN_UNREACHABLE_CODE = YES;
				CLANG_WARN__DUPLICATE_METHOD_MATCH = YES;
				COPY_PHASE_STRIP = NO;
				DEBUG_INFORMATION_FORMAT = dwarf;
				ENABLE_STRICT_OBJC_MSGSEND = YES;
				ENABLE_TESTABILITY = YES;
				GCC_C_LANGUAGE_STANDARD = gnu11;
				GCC_DYNAMIC_NO_PIC = NO;
				GCC_NO_COMMON_BLOCKS = YES;
				GCC_OPTIMIZATION_LEVEL = 0;
				GCC_PREPROCESSOR_DEFINITIONS = (
					"DEBUG=1",
					"$(inherited)",
				);
				GCC_WARN_64_TO_32_BIT_CONVERSION = YES;
				GCC_WARN_ABOUT_RETURN_TYPE = YES_ERROR;
				GCC_WARN_UNDECLARED_SELECTOR = YES;
				GCC_WARN_UNINITIALIZED_AUTOS = YES_AGGRESSIVE;
				GCC_WARN_UNUSED_FUNCTION = YES;
				GCC_WARN_UNUSED_VARIABLE = YES;
				IPHONEOS_DEPLOYMENT_TARGET = 13.5;
				MTL_ENABLE_DEBUG_INFO = INCLUDE_SOURCE;
				MTL_FAST_MATH = YES;
				ONLY_ACTIVE_ARCH = YES;
				SDKROOT = iphoneos;
				SWIFT_ACTIVE_COMPILATION_CONDITIONS = DEBUG;
				SWIFT_OPTIMIZATION_LEVEL = "-Onone";
			};
			name = Debug;
		};
		93F0705224813DB800965FD6 /* Release */ = {
			isa = XCBuildConfiguration;
			buildSettings = {
				ALWAYS_SEARCH_USER_PATHS = NO;
				CLANG_ANALYZER_NONNULL = YES;
				CLANG_ANALYZER_NUMBER_OBJECT_CONVERSION = YES_AGGRESSIVE;
				CLANG_CXX_LANGUAGE_STANDARD = "gnu++14";
				CLANG_CXX_LIBRARY = "libc++";
				CLANG_ENABLE_MODULES = YES;
				CLANG_ENABLE_OBJC_ARC = YES;
				CLANG_ENABLE_OBJC_WEAK = YES;
				CLANG_WARN_BLOCK_CAPTURE_AUTORELEASING = YES;
				CLANG_WARN_BOOL_CONVERSION = YES;
				CLANG_WARN_COMMA = YES;
				CLANG_WARN_CONSTANT_CONVERSION = YES;
				CLANG_WARN_DEPRECATED_OBJC_IMPLEMENTATIONS = YES;
				CLANG_WARN_DIRECT_OBJC_ISA_USAGE = YES_ERROR;
				CLANG_WARN_DOCUMENTATION_COMMENTS = YES;
				CLANG_WARN_EMPTY_BODY = YES;
				CLANG_WARN_ENUM_CONVERSION = YES;
				CLANG_WARN_INFINITE_RECURSION = YES;
				CLANG_WARN_INT_CONVERSION = YES;
				CLANG_WARN_NON_LITERAL_NULL_CONVERSION = YES;
				CLANG_WARN_OBJC_IMPLICIT_RETAIN_SELF = YES;
				CLANG_WARN_OBJC_LITERAL_CONVERSION = YES;
				CLANG_WARN_OBJC_ROOT_CLASS = YES_ERROR;
				CLANG_WARN_RANGE_LOOP_ANALYSIS = YES;
				CLANG_WARN_STRICT_PROTOTYPES = YES;
				CLANG_WARN_SUSPICIOUS_MOVE = YES;
				CLANG_WARN_UNGUARDED_AVAILABILITY = YES_AGGRESSIVE;
				CLANG_WARN_UNREACHABLE_CODE = YES;
				CLANG_WARN__DUPLICATE_METHOD_MATCH = YES;
				COPY_PHASE_STRIP = NO;
				DEBUG_INFORMATION_FORMAT = "dwarf-with-dsym";
				ENABLE_NS_ASSERTIONS = NO;
				ENABLE_STRICT_OBJC_MSGSEND = YES;
				GCC_C_LANGUAGE_STANDARD = gnu11;
				GCC_NO_COMMON_BLOCKS = YES;
				GCC_WARN_64_TO_32_BIT_CONVERSION = YES;
				GCC_WARN_ABOUT_RETURN_TYPE = YES_ERROR;
				GCC_WARN_UNDECLARED_SELECTOR = YES;
				GCC_WARN_UNINITIALIZED_AUTOS = YES_AGGRESSIVE;
				GCC_WARN_UNUSED_FUNCTION = YES;
				GCC_WARN_UNUSED_VARIABLE = YES;
				IPHONEOS_DEPLOYMENT_TARGET = 13.5;
				MTL_ENABLE_DEBUG_INFO = NO;
				MTL_FAST_MATH = YES;
				SDKROOT = iphoneos;
				SWIFT_COMPILATION_MODE = wholemodule;
				SWIFT_OPTIMIZATION_LEVEL = "-O";
				VALIDATE_PRODUCT = YES;
			};
			name = Release;
		};
		93F0705424813DB800965FD6 /* Debug */ = {
			isa = XCBuildConfiguration;
			buildSettings = {
				ASSETCATALOG_COMPILER_APPICON_NAME = AppIcon;
				CODE_SIGN_ENTITLEMENTS = "Hackerman News/Hackerman News.entitlements";
				"CODE_SIGN_IDENTITY[sdk=macosx*]" = "-";
				CODE_SIGN_STYLE = Automatic;
				DEVELOPMENT_ASSET_PATHS = "\"Hackerman News/Preview Content\"";
				DEVELOPMENT_TEAM = 6RBYRZF22A;
				ENABLE_PREVIEWS = YES;
				INFOPLIST_FILE = "Hackerman News/Info.plist";
				LD_RUNPATH_SEARCH_PATHS = (
					"$(inherited)",
					"@executable_path/Frameworks",
				);
				PRODUCT_BUNDLE_IDENTIFIER = "ro.beardboyo.Hackerman-News";
				PRODUCT_NAME = "$(TARGET_NAME)";
				SUPPORTS_MACCATALYST = YES;
				SWIFT_VERSION = 5.0;
				TARGETED_DEVICE_FAMILY = "1,2";
			};
			name = Debug;
		};
		93F0705524813DB800965FD6 /* Release */ = {
			isa = XCBuildConfiguration;
			buildSettings = {
				ASSETCATALOG_COMPILER_APPICON_NAME = AppIcon;
				CODE_SIGN_ENTITLEMENTS = "Hackerman News/Hackerman News.entitlements";
				"CODE_SIGN_IDENTITY[sdk=macosx*]" = "-";
				CODE_SIGN_STYLE = Automatic;
				DEVELOPMENT_ASSET_PATHS = "\"Hackerman News/Preview Content\"";
				DEVELOPMENT_TEAM = 6RBYRZF22A;
				ENABLE_PREVIEWS = YES;
				INFOPLIST_FILE = "Hackerman News/Info.plist";
				LD_RUNPATH_SEARCH_PATHS = (
					"$(inherited)",
					"@executable_path/Frameworks",
				);
				PRODUCT_BUNDLE_IDENTIFIER = "ro.beardboyo.Hackerman-News";
				PRODUCT_NAME = "$(TARGET_NAME)";
				SUPPORTS_MACCATALYST = YES;
				SWIFT_VERSION = 5.0;
				TARGETED_DEVICE_FAMILY = "1,2";
			};
			name = Release;
		};
/* End XCBuildConfiguration section */

/* Begin XCConfigurationList section */
		93F0703A24813DB600965FD6 /* Build configuration list for PBXProject "Hackerman News" */ = {
			isa = XCConfigurationList;
			buildConfigurations = (
				93F0705124813DB800965FD6 /* Debug */,
				93F0705224813DB800965FD6 /* Release */,
			);
			defaultConfigurationIsVisible = 0;
			defaultConfigurationName = Release;
		};
		93F0705324813DB800965FD6 /* Build configuration list for PBXNativeTarget "Hackerman News" */ = {
			isa = XCConfigurationList;
			buildConfigurations = (
				93F0705424813DB800965FD6 /* Debug */,
				93F0705524813DB800965FD6 /* Release */,
			);
			defaultConfigurationIsVisible = 0;
			defaultConfigurationName = Release;
		};
/* End XCConfigurationList section */
	};
	rootObject = 93F0703724813DB600965FD6 /* Project object */;
}
